
Microsoft Visual Studio Solution File, Format Version 12.00
# Visual Studio Version 17
VisualStudioVersion = 17.14.36408.4 d17.14
MinimumVisualStudioVersion = 10.0.40219.1
Project("{FAE04EC0-301F-11D3-BF4B-00C04F79EFBC}") = "Estimate01", "Estimate01.csproj", "{1FBBCF7F-09D1-4F64-8B29-28FDDC508CC0}"
EndProject
Global
	GlobalSection(SolutionConfigurationPlatforms) = preSolution
		Debug|Any CPU = Debug|Any CPU
		Release|Any CPU = Release|Any CPU
	EndGlobalSection
	GlobalSection(ProjectConfigurationPlatforms) = postSolution
		{1FBBCF7F-09D1-4F64-8B29-28FDDC508CC0}.Debug|Any CPU.ActiveCfg = Debug|Any CPU
		{1FBBCF7F-09D1-4F64-8B29-28FDDC508CC0}.Debug|Any CPU.Build.0 = Debug|Any CPU
		{1FBBCF7F-09D1-4F64-8B29-28FDDC508CC0}.Release|Any CPU.ActiveCfg = Release|Any CPU
		{1FBBCF7F-09D1-4F64-8B29-28FDDC508CC0}.Release|Any CPU.Build.0 = Release|Any CPU
	EndGlobalSection
	GlobalSection(SolutionProperties) = preSolution
		HideSolutionNode = FALSE
	EndGlobalSection
	GlobalSection(ExtensibilityGlobals) = postSolution
		SolutionGuid = {A71FC4A2-35FF-4008-AAED-D4F0CA97B02E}
	EndGlobalSection
EndGlobal
